{
  "originHash" : "6a51ee3b1694e3fcc7b219907ea2e552621b66646c34d862eefd323ea93956ec",
  "pins" : [
    {
      "identity" : "async-http-client",
      "kind" : "remoteSourceControl",
      "location" : "https://github.com/swift-server/async-http-client.git",
      "state" : {
        "revision" : "333f51104b75d1a5b94cb3b99e4c58a3b442c9f7",
        "version" : "1.25.2"
      }
    },
    {
      "identity" : "async-kit",
      "kind" : "remoteSourceControl",
      "location" : "https://github.com/vapor/async-kit.git",
      "state" : {
        "revision" : "e048c8ee94967e8d8a1c2ec0e1156d6f7fa34d31",
        "version" : "1.20.0"
      }
    },
    {
      "identity" : "codablecsv",
      "kind" : "remoteSourceControl",
      "location" : "https://github.com/dehesa/CodableCSV.git",
      "state" : {
        "revision" : "99ace2cfdfbc19108b529c021005fb57a460e715",
        "version" : "0.6.7"
      }
    },
    {
      "identity" : "console-kit",
      "kind" : "remoteSourceControl",
      "location" : "https://github.com/vapor/console-kit.git",
      "state" : {
        "revision" : "742f624a998cba2a9e653d9b1e91ad3f3a5dff6b",
        "version" : "4.15.2"
      }
    },
    {
      "identity" : "deepdiff",
      "kind" : "remoteSourceControl",
      "location" : "https://github.com/onmyway133/DeepDiff.git",
      "state" : {
        "revision" : "2639b3a11054d666a4c5ec1b7dd2808e437f3289",
        "version" : "2.3.3"
      }
    },
    {
      "identity" : "fluent",
      "kind" : "remoteSourceControl",
      "location" : "https://github.com/vapor/fluent.git",
      "state" : {
        "revision" : "223b27d04ab2b51c25503c9922eecbcdf6c12f89",
        "version" : "4.12.0"
      }
    },
    {
      "identity" : "fluent-kit",
      "kind" : "remoteSourceControl",
      "location" : "https://github.com/vapor/fluent-kit.git",
      "state" : {
        "revision" : "f12a66814657abd2e309c273a0825c4f978acebe",
        "version" : "1.50.4"
      }
    },
    {
      "identity" : "fluent-postgres-driver",
      "kind" : "remoteSourceControl",
      "location" : "https://github.com/vapor/fluent-postgres-driver.git",
      "state" : {
        "revision" : "fd57101e426d3edf66a32ba63a7d0b8ced4d7499",
        "version" : "2.10.0"
      }
    },
    {
      "identity" : "jwt",
      "kind" : "remoteSourceControl",
      "location" : "https://github.com/vapor/jwt.git",
      "state" : {
        "revision" : "d65f32bfd08fae5910d603028be5dec4f35b3482",
        "version" : "4.2.2"
      }
    },
    {
      "identity" : "jwt-kit",
      "kind" : "remoteSourceControl",
      "location" : "https://github.com/vapor/jwt-kit.git",
      "state" : {
        "revision" : "ef12bdfa557cd9d9f0c53396e0a9908f773bcd7b",
        "version" : "4.9.0"
      }
    },
    {
      "identity" : "multipart-kit",
      "kind" : "remoteSourceControl",
      "location" : "https://github.com/vapor/multipart-kit.git",
      "state" : {
        "revision" : "1adfd69df2da08f7931d4281b257475e32c96734",
        "version" : "4.5.4"
      }
    },
    {
      "identity" : "postgres-kit",
      "kind" : "remoteSourceControl",
      "location" : "https://github.com/vapor/postgres-kit.git",
      "state" : {
        "revision" : "0b72fa83b1023c4b82072e4049a3db6c29781fff",
        "version" : "2.13.5"
      }
    },
    {
      "identity" : "postgres-nio",
      "kind" : "remoteSourceControl",
      "location" : "https://github.com/vapor/postgres-nio.git",
      "state" : {
        "revision" : "5d817be55cae8b00003b7458944954558302d006",
        "version" : "1.25.0"
      }
    },
    {
      "identity" : "queues",
      "kind" : "remoteSourceControl",
      "location" : "https://github.com/vapor/queues.git",
      "state" : {
        "revision" : "f1adaf4c925eb7074a4acf363172c1fa6ec888c8",
        "version" : "1.12.1"
      }
    },
    {
      "identity" : "queues-redis-driver",
      "kind" : "remoteSourceControl",
      "location" : "https://github.com/vapor/queues-redis-driver.git",
      "state" : {
        "revision" : "a3dac0d311cead67917ad4221feb061e3609b145",
        "version" : "1.1.2"
      }
    },
    {
      "identity" : "redis",
      "kind" : "remoteSourceControl",
      "location" : "https://github.com/vapor/redis.git",
      "state" : {
        "revision" : "d24cad79b1bf83b8d83d4d565dda4911b076842b",
        "version" : "4.8.0"
      }
    },
    {
      "identity" : "redistack",
      "kind" : "remoteSourceControl",
      "location" : "https://gitlab.com/mordil/RediStack.git",
      "state" : {
        "revision" : "3bd5940b07ba855ae72063f9783c155424fa45a1",
        "version" : "1.3.3"
      }
    },
    {
      "identity" : "routing-kit",
      "kind" : "remoteSourceControl",
      "location" : "https://github.com/vapor/routing-kit.git",
      "state" : {
        "revision" : "8c9a227476555c55837e569be71944e02a056b72",
        "version" : "4.9.1"
      }
    },
    {
      "identity" : "sendgrid",
      "kind" : "remoteSourceControl",
      "location" : "https://github.com/vapor-community/sendgrid.git",
      "state" : {
        "revision" : "c744bc4398bd8dec50e3a6cfb0cdeca1aa853c07",
        "version" : "4.0.0"
      }
    },
    {
      "identity" : "sendgrid-kit",
      "kind" : "remoteSourceControl",
      "location" : "https://github.com/vapor-community/sendgrid-kit.git",
      "state" : {
        "revision" : "2da9f9558c690af07219b1e63f126105b747fec8",
        "version" : "1.1.0"
      }
    },
    {
      "identity" : "sql-kit",
      "kind" : "remoteSourceControl",
      "location" : "https://github.com/vapor/sql-kit.git",
      "state" : {
        "revision" : "e0b35ff07601465dd9f3af19a1c23083acaae3bd",
        "version" : "3.32.0"
      }
    },
    {
      "identity" : "swift-algorithms",
      "kind" : "remoteSourceControl",
      "location" : "https://github.com/apple/swift-algorithms.git",
      "state" : {
        "revision" : "87e50f483c54e6efd60e885f7f5aa946cee68023",
        "version" : "1.2.1"
      }
    },
    {
      "identity" : "swift-async-algorithms",
      "kind" : "remoteSourceControl",
      "location" : "https://github.com/apple/swift-async-algorithms.git",
      "state" : {
        "revision" : "4c3ea81f81f0a25d0470188459c6d4bf20cf2f97",
        "version" : "1.0.3"
      }
    },
    {
      "identity" : "swift-atomics",
      "kind" : "remoteSourceControl",
      "location" : "https://github.com/apple/swift-atomics.git",
      "state" : {
        "revision" : "cd142fd2f64be2100422d658e7411e39489da985",
        "version" : "1.2.0"
      }
    },
    {
      "identity" : "swift-collections",
      "kind" : "remoteSourceControl",
      "location" : "https://github.com/apple/swift-collections.git",
      "state" : {
        "revision" : "671108c96644956dddcd89dd59c203dcdb36cec7",
        "version" : "1.1.4"
      }
    },
    {
      "identity" : "swift-crypto",
      "kind" : "remoteSourceControl",
      "location" : "https://github.com/apple/swift-crypto.git",
      "state" : {
        "revision" : "33a20e650c33f6d72d822d558333f2085effa3dc",
        "version" : "2.5.0"
      }
    },
    {
      "identity" : "swift-distributed-tracing",
      "kind" : "remoteSourceControl",
      "location" : "https://github.com/apple/swift-distributed-tracing.git",
      "state" : {
        "revision" : "a64a0abc2530f767af15dd88dda7f64d5f1ff9de",
        "version" : "1.2.0"
      }
    },
    {
      "identity" : "swift-http-types",
      "kind" : "remoteSourceControl",
      "location" : "https://github.com/apple/swift-http-types",
      "state" : {
        "revision" : "ef18d829e8b92d731ad27bb81583edd2094d1ce3",
        "version" : "1.3.1"
      }
    },
    {
      "identity" : "swift-log",
      "kind" : "remoteSourceControl",
      "location" : "https://github.com/apple/swift-log.git",
      "state" : {
        "revision" : "3d8596ed08bd13520157f0355e35caed215ffbfa",
        "version" : "1.6.3"
      }
    },
    {
      "identity" : "swift-metrics",
      "kind" : "remoteSourceControl",
      "location" : "https://github.com/apple/swift-metrics.git",
      "state" : {
        "revision" : "3c0f419970ae1c9f942d3abfd4f562e243e9f9e8",
        "version" : "2.6.0"
      }
    },
    {
      "identity" : "swift-nio",
      "kind" : "remoteSourceControl",
      "location" : "https://github.com/apple/swift-nio.git",
      "state" : {
        "revision" : "c51907a839e63ebf0ba2076bba73dd96436bd1b9",
        "version" : "2.81.0"
      }
    },
    {
      "identity" : "swift-nio-extras",
      "kind" : "remoteSourceControl",
      "location" : "https://github.com/apple/swift-nio-extras.git",
      "state" : {
        "revision" : "2e9746cfc57554f70b650b021b6ae4738abef3e6",
        "version" : "1.24.1"
      }
    },
    {
      "identity" : "swift-nio-http2",
      "kind" : "remoteSourceControl",
      "location" : "https://github.com/apple/swift-nio-http2.git",
      "state" : {
        "revision" : "170f4ca06b6a9c57b811293cebcb96e81b661310",
        "version" : "1.35.0"
      }
    },
    {
      "identity" : "swift-nio-ssl",
      "kind" : "remoteSourceControl",
      "location" : "https://github.com/apple/swift-nio-ssl.git",
      "state" : {
        "revision" : "0cc3528ff48129d64ab9cab0b1cd621634edfc6b",
        "version" : "2.29.3"
      }
    },
    {
      "identity" : "swift-nio-transport-services",
      "kind" : "remoteSourceControl",
      "location" : "https://github.com/apple/swift-nio-transport-services.git",
      "state" : {
        "revision" : "3c394067c08d1225ba8442e9cffb520ded417b64",
        "version" : "1.23.1"
      }
    },
    {
      "identity" : "swift-numerics",
      "kind" : "remoteSourceControl",
      "location" : "https://github.com/apple/swift-numerics",
      "state" : {
        "revision" : "0a5bc04095a675662cf24757cc0640aa2204253b",
        "version" : "1.0.2"
      }
    },
    {
      "identity" : "swift-service-context",
      "kind" : "remoteSourceControl",
      "location" : "https://github.com/apple/swift-service-context.git",
      "state" : {
        "revision" : "8946c930cae601452149e45d31d8ddfac973c3c7",
        "version" : "1.2.0"
      }
    },
    {
      "identity" : "swift-service-lifecycle",
      "kind" : "remoteSourceControl",
      "location" : "https://github.com/swift-server/swift-service-lifecycle.git",
      "state" : {
        "revision" : "7ee57f99fbe0073c3700997186721e74d925b59b",
        "version" : "2.7.0"
      }
    },
    {
      "identity" : "swift-system",
      "kind" : "remoteSourceControl",
      "location" : "https://github.com/apple/swift-system.git",
      "state" : {
        "revision" : "a34201439c74b53f0fd71ef11741af7e7caf01e1",
        "version" : "1.4.2"
      }
    },
    {
      "identity" : "swiftsoup",
      "kind" : "remoteSourceControl",
      "location" : "https://github.com/scinfu/SwiftSoup.git",
      "state" : {
        "revision" : "bba848db50462894e7fc0891d018dfecad4ef11e",
        "version" : "2.8.7"
      }
    },
    {
      "identity" : "vapor",
      "kind" : "remoteSourceControl",
      "location" : "https://github.com/vapor/vapor.git",
      "state" : {
        "revision" : "a425e32f9b9d19c0ecab952cb4484c1c15e2536f",
        "version" : "4.113.2"
      }
    },
    {
      "identity" : "websocket-kit",
      "kind" : "remoteSourceControl",
      "location" : "https://github.com/vapor/websocket-kit.git",
      "state" : {
        "revision" : "53fe0639a98903858d0196b699720decb42aee7b",
        "version" : "2.14.0"
      }
    }
  ],
  "version" : 3
}
