{
  "object": {
    "pins": [
      {
        "package": "async-http-client",
        "repositoryURL": "https://github.com/swift-server/async-http-client.git",
        "state": {
          "branch": null,
          "revision": "78db67e5bf4a8543075787f228e8920097319281",
          "version": "1.18.0"
        }
      },
      {
        "package": "async-kit",
        "repositoryURL": "https://github.com/vapor/async-kit.git",
        "state": {
          "branch": null,
          "revision": "a61da00d404ec91d12766f1b9aac7d90777b484d",
          "version": "1.17.0"
        }
      },
      {
        "package": "CodableCSV",
        "repositoryURL": "https://github.com/dehesa/CodableCSV.git",
        "state": {
          "branch": null,
          "revision": "99ace2cfdfbc19108b529c021005fb57a460e715",
          "version": "0.6.7"
        }
      },
      {
        "package": "console-kit",
        "repositoryURL": "https://github.com/vapor/console-kit.git",
        "state": {
          "branch": null,
          "revision": "447f1046fb4e9df40973fe426ecb24a6f0e8d3b4",
          "version": "4.6.0"
        }
      },
      {
        "package": "DeepDiff",
        "repositoryURL": "https://github.com/onmyway133/DeepDiff.git",
        "state": {
          "branch": null,
          "revision": "2639b3a11054d666a4c5ec1b7dd2808e437f3289",
          "version": "2.3.3"
        }
      },
      {
        "package": "fluent",
        "repositoryURL": "https://github.com/vapor/fluent.git",
        "state": {
          "branch": null,
          "revision": "4b4d8bf15a06fd60137e9c543e5503c4b842654e",
          "version": "4.8.0"
        }
      },
      {
        "package": "fluent-kit",
        "repositoryURL": "https://github.com/vapor/fluent-kit.git",
        "state": {
          "branch": null,
          "revision": "e53acf986e32c54fe522b2c12f737baa01828c1c",
          "version": "1.42.2"
        }
      },
      {
        "package": "fluent-postgres-driver",
        "repositoryURL": "https://github.com/vapor/fluent-postgres-driver.git",
        "state": {
          "branch": null,
          "revision": "bb3ab8e861152157f712cd08fc473e885bd0b4df",
          "version": "2.7.2"
        }
      },
      {
        "package": "jwt",
        "repositoryURL": "https://github.com/vapor/jwt.git",
        "state": {
          "branch": null,
          "revision": "d65f32bfd08fae5910d603028be5dec4f35b3482",
          "version": "4.2.2"
        }
      },
      {
        "package": "jwt-kit",
        "repositoryURL": "https://github.com/vapor/jwt-kit.git",
        "state": {
          "branch": null,
          "revision": "ef12bdfa557cd9d9f0c53396e0a9908f773bcd7b",
          "version": "4.9.0"
        }
      },
      {
        "package": "multipart-kit",
        "repositoryURL": "https://github.com/vapor/multipart-kit.git",
        "state": {
          "branch": null,
          "revision": "1adfd69df2da08f7931d4281b257475e32c96734",
          "version": "4.5.4"
        }
      },
      {
        "package": "postgres-kit",
        "repositoryURL": "https://github.com/vapor/postgres-kit.git",
        "state": {
          "branch": null,
          "revision": "875e8c191ea776802fddf6773146349803629754",
          "version": "2.11.2"
        }
      },
      {
        "package": "postgres-nio",
        "repositoryURL": "https://github.com/vapor/postgres-nio.git",
        "state": {
          "branch": null,
          "revision": "2df54bc94607f44584ae6ffa74e3cd754fffafc7",
          "version": "1.14.2"
        }
      },
      {
        "package": "queues",
        "repositoryURL": "https://github.com/vapor/queues.git",
        "state": {
          "branch": null,
          "revision": "f1adaf4c925eb7074a4acf363172c1fa6ec888c8",
          "version": "1.12.1"
        }
      },
      {
        "package": "queues-redis-driver",
        "repositoryURL": "https://github.com/vapor/queues-redis-driver.git",
        "state": {
          "branch": null,
          "revision": "5e42bcd7632ba5832e49e69698ba8bea26f40f51",
          "version": "1.0.4"
        }
      },
      {
        "package": "redis",
        "repositoryURL": "https://github.com/vapor/redis.git",
        "state": {
          "branch": null,
          "revision": "d24cad79b1bf83b8d83d4d565dda4911b076842b",
          "version": "4.8.0"
        }
      },
      {
        "package": "RediStack",
        "repositoryURL": "https://gitlab.com/mordil/RediStack.git",
        "state": {
          "branch": null,
          "revision": "3bd5940b07ba855ae72063f9783c155424fa45a1",
          "version": "1.3.3"
        }
      },
      {
        "package": "routing-kit",
        "repositoryURL": "https://github.com/vapor/routing-kit.git",
        "state": {
          "branch": null,
          "revision": "611bc45c5dfb1f54b84d99b89d1f72191fb6b71b",
          "version": "4.7.2"
        }
      },
      {
        "package": "sendgrid",
        "repositoryURL": "https://github.com/vapor-community/sendgrid.git",
        "state": {
          "branch": null,
          "revision": "c744bc4398bd8dec50e3a6cfb0cdeca1aa853c07",
          "version": "4.0.0"
        }
      },
      {
        "package": "sendgrid-kit",
        "repositoryURL": "https://github.com/vapor-community/sendgrid-kit.git",
        "state": {
          "branch": null,
          "revision": "2da9f9558c690af07219b1e63f126105b747fec8",
          "version": "1.1.0"
        }
      },
      {
        "package": "sql-kit",
        "repositoryURL": "https://github.com/vapor/sql-kit.git",
        "state": {
          "branch": null,
          "revision": "5026e7c0f2e464ea1af9f5948701aa8922ab14eb",
          "version": "3.27.0"
        }
      },
      {
        "package": "swift-algorithms",
        "repositoryURL": "https://github.com/apple/swift-algorithms.git",
        "state": {
          "branch": null,
          "revision": "b14b7f4c528c942f121c8b860b9410b2bf57825e",
          "version": "1.0.0"
        }
      },
      {
        "package": "swift-atomics",
        "repositoryURL": "https://github.com/apple/swift-atomics.git",
        "state": {
          "branch": null,
          "revision": "6c89474e62719ddcc1e9614989fff2f68208fe10",
          "version": "1.1.0"
        }
      },
      {
        "package": "swift-backtrace",
        "repositoryURL": "https://github.com/swift-server/swift-backtrace.git",
        "state": {
          "branch": null,
          "revision": "f25620d5d05e2f1ba27154b40cafea2b67566956",
          "version": "1.3.3"
        }
      },
      {
        "package": "swift-collections",
        "repositoryURL": "https://github.com/apple/swift-collections.git",
        "state": {
          "branch": null,
          "revision": "937e904258d22af6e447a0b72c0bc67583ef64a2",
          "version": "1.0.4"
        }
      },
      {
        "package": "swift-crypto",
        "repositoryURL": "https://github.com/apple/swift-crypto.git",
        "state": {
          "branch": null,
          "revision": "33a20e650c33f6d72d822d558333f2085effa3dc",
          "version": "2.5.0"
        }
      },
      {
        "package": "swift-log",
        "repositoryURL": "https://github.com/apple/swift-log.git",
        "state": {
          "branch": null,
          "revision": "3d8596ed08bd13520157f0355e35caed215ffbfa",
          "version": "1.6.3"
        }
      },
      {
        "package": "swift-metrics",
        "repositoryURL": "https://github.com/apple/swift-metrics.git",
        "state": {
          "branch": null,
          "revision": "e8bced74bc6d747745935e469f45d03f048d6cbd",
          "version": "2.3.4"
        }
      },
      {
        "package": "swift-nio",
        "repositoryURL": "https://github.com/apple/swift-nio.git",
        "state": {
          "branch": null,
          "revision": "2d8e6ca36fe3e8ed74b0883f593757a45463c34d",
          "version": "2.53.0"
        }
      },
      {
        "package": "swift-nio-extras",
        "repositoryURL": "https://github.com/apple/swift-nio-extras.git",
        "state": {
          "branch": null,
          "revision": "0e0d0aab665ff1a0659ce75ac003081f2b1c8997",
          "version": "1.19.0"
        }
      },
      {
        "package": "swift-nio-http2",
        "repositoryURL": "https://github.com/apple/swift-nio-http2.git",
        "state": {
          "branch": null,
          "revision": "6d021a48483dbb273a9be43f65234bdc9185b364",
          "version": "1.26.0"
        }
      },
      {
        "package": "swift-nio-ssl",
        "repositoryURL": "https://github.com/apple/swift-nio-ssl.git",
        "state": {
          "branch": null,
          "revision": "e866a626e105042a6a72a870c88b4c531ba05f83",
          "version": "2.24.0"
        }
      },
      {
        "package": "swift-nio-transport-services",
        "repositoryURL": "https://github.com/apple/swift-nio-transport-services.git",
        "state": {
          "branch": null,
          "revision": "41f4098903878418537020075a4d8a6e20a0b182",
          "version": "1.17.0"
        }
      },
      {
        "package": "swift-numerics",
        "repositoryURL": "https://github.com/apple/swift-numerics",
        "state": {
          "branch": null,
          "revision": "0a5bc04095a675662cf24757cc0640aa2204253b",
          "version": "1.0.2"
        }
      },
      {
        "package": "SwiftSoup",
        "repositoryURL": "https://github.com/scinfu/SwiftSoup.git",
        "state": {
          "branch": null,
          "revision": "0e96a20ffd37a515c5c963952d4335c89bed50a6",
          "version": "2.6.0"
        }
      },
      {
        "package": "vapor",
        "repositoryURL": "https://github.com/vapor/vapor.git",
        "state": {
          "branch": null,
          "revision": "f0aed184b8652565cfe42ea9f6d0f3fa1973372b",
          "version": "4.76.4"
        }
      },
      {
        "package": "websocket-kit",
        "repositoryURL": "https://github.com/vapor/websocket-kit.git",
        "state": {
          "branch": null,
          "revision": "53fe0639a98903858d0196b699720decb42aee7b",
          "version": "2.14.0"
        }
      }
    ]
  },
  "version": 1
}
